// !$*UTF8*$!
{
	archiveVersion = 1;
	classes = {
	};
	objectVersion = 77;
	objects = {

/* Begin PBXBuildFile section */
		099D775B6BB304395133133D /* AppDelegate.swift in Sources */ = {isa = PBXBuildFile; fileRef = 5A4B8410787A283632CAF1F4 /* AppDelegate.swift */; };
		0AB1610C4F258A11C2090AC8 /* PomodoroTimer.swift in Sources */ = {isa = PBXBuildFile; fileRef = 6BDB06C272F5E775C401FEFD /* PomodoroTimer.swift */; };
		12AF383CF981F56F691D72FF /* 16x16@2x.png in Resources */ = {isa = PBXBuildFile; fileRef = DFF200F0525A24083CD28F88 /* 16x16@2x.png */; };
		193BDB08C32767E8518C9301 /* 128x128@2x.png in Resources */ = {isa = PBXBuildFile; fileRef = 7B4775C3164F31617CCE657A /* 128x128@2x.png */; };
		1E795B2470F255FD72A018D8 /* 512x512.png in Resources */ = {isa = PBXBuildFile; fileRef = BC5195A03245B774815FD7E3 /* 512x512.png */; };
		2E764E91D25DD7A8370379A5 /* SQLite in Frameworks */ = {isa = PBXBuildFile; productRef = 662606577274517D4FD16839 /* SQLite */; };
		4ADAE0D9685C0C40C9A90A85 /* SettingsStore.swift in Sources */ = {isa = PBXBuildFile; fileRef = 1924263F48631A50527573C0 /* SettingsStore.swift */; };
		4F8B126BD181B5845414A29C /* TimerViewController.swift in Sources */ = {isa = PBXBuildFile; fileRef = 3507CD07B46F3F50B8DF934C /* TimerViewController.swift */; };
		523622FC03FB7F7004F21D10 /* NotificationManager.swift in Sources */ = {isa = PBXBuildFile; fileRef = CF88706F49DE2D506A2B719F /* NotificationManager.swift */; };
		524AEE0C5832EF21CD58F351 /* StatisticsView.swift in Sources */ = {isa = PBXBuildFile; fileRef = 34287BB89258DB400E8804AF /* StatisticsView.swift */; };
		60F58874D8B1AD5ADB026C5B /* SettingsView.swift in Sources */ = {isa = PBXBuildFile; fileRef = 88FADB7116C7EF673D13BAC5 /* SettingsView.swift */; };
		6E2B8FCC04C047C9CFEF2271 /* 16x16.png in Resources */ = {isa = PBXBuildFile; fileRef = 8AB7217D3A6B9845C4C69AC2 /* 16x16.png */; };
		7EFAB5531CF106AF52650956 /* DatabaseManager.swift in Sources */ = {isa = PBXBuildFile; fileRef = 072628F8F4F7B95129716433 /* DatabaseManager.swift */; };
		814A8D175B029718A7318A9B /* 32x32.png in Resources */ = {isa = PBXBuildFile; fileRef = FC3B889AA2CAE6636F342BBF /* 32x32.png */; };
		98B9C334A637EE9F8C56E117 /* TimerView.swift in Sources */ = {isa = PBXBuildFile; fileRef = AF050FC7966EC4B2D114ECF9 /* TimerView.swift */; };
		9A9BA4BB9A5582A034261B42 /* StatusBarController.swift in Sources */ = {isa = PBXBuildFile; fileRef = EB8EA237B5F2174A0E331840 /* StatusBarController.swift */; };
		AF6A512C6144501FDA1AF109 /* 512x512@2x.png in Resources */ = {isa = PBXBuildFile; fileRef = 4AA3CB53CE05C9AB3950232F /* 512x512@2x.png */; };
		C0A0F5F743AF527F47F82407 /* Assets.xcassets in Resources */ = {isa = PBXBuildFile; fileRef = 00886F9B56A7A3BBC578207A /* Assets.xcassets */; };
		CB8251DE7ADDFC07FEB6072E /* PomodoroRecord.swift in Sources */ = {isa = PBXBuildFile; fileRef = 67189A8F3F6787D7AF5B7AE4 /* PomodoroRecord.swift */; };
		D3E48C236069FB80ECA58851 /* 128x128.png in Resources */ = {isa = PBXBuildFile; fileRef = 70BD532CCFCC2FA9874D5C13 /* 128x128.png */; };
		D63A4E84242A6B5CD206E50E /* main.swift in Sources */ = {isa = PBXBuildFile; fileRef = FE75224474A5FE3AC2781BF9 /* main.swift */; };
		E06596210C47F521AC5B5DF5 /* 32x32@2x.png in Resources */ = {isa = PBXBuildFile; fileRef = 5F3DC5D8F3D784D9F2EBA3E4 /* 32x32@2x.png */; };
		E4557C015FDFEA3BD5A802D9 /* 256x256.png in Resources */ = {isa = PBXBuildFile; fileRef = 7BF97AA2980930F84A151031 /* 256x256.png */; };
		F972FF8FC64365FFA847E242 /* SoundManager.swift in Sources */ = {isa = PBXBuildFile; fileRef = 5A11D3E98C18115F686DC36A /* SoundManager.swift */; };
		FB5D4D3D669058CB014E3E94 /* 256x256@2x.png in Resources */ = {isa = PBXBuildFile; fileRef = C747FA958491D1F54F552F22 /* 256x256@2x.png */; };
/* End PBXBuildFile section */

/* Begin PBXFileReference section */
		00886F9B56A7A3BBC578207A /* Assets.xcassets */ = {isa = PBXFileReference; lastKnownFileType = folder.assetcatalog; path = Assets.xcassets; sourceTree = "<group>"; };
		072628F8F4F7B95129716433 /* DatabaseManager.swift */ = {isa = PBXFileReference; lastKnownFileType = sourcecode.swift; path = DatabaseManager.swift; sourceTree = "<group>"; };
		1924263F48631A50527573C0 /* SettingsStore.swift */ = {isa = PBXFileReference; lastKnownFileType = sourcecode.swift; path = SettingsStore.swift; sourceTree = "<group>"; };
		34287BB89258DB400E8804AF /* StatisticsView.swift */ = {isa = PBXFileReference; lastKnownFileType = sourcecode.swift; path = StatisticsView.swift; sourceTree = "<group>"; };
		3507CD07B46F3F50B8DF934C /* TimerViewController.swift */ = {isa = PBXFileReference; lastKnownFileType = sourcecode.swift; path = TimerViewController.swift; sourceTree = "<group>"; };
		4AA3CB53CE05C9AB3950232F /* 512x512@2x.png */ = {isa = PBXFileReference; lastKnownFileType = image.png; path = "512x512@2x.png"; sourceTree = "<group>"; };
		5A11D3E98C18115F686DC36A /* SoundManager.swift */ = {isa = PBXFileReference; lastKnownFileType = sourcecode.swift; path = SoundManager.swift; sourceTree = "<group>"; };
		5A4B8410787A283632CAF1F4 /* AppDelegate.swift */ = {isa = PBXFileReference; lastKnownFileType = sourcecode.swift; path = AppDelegate.swift; sourceTree = "<group>"; };
		5F3DC5D8F3D784D9F2EBA3E4 /* 32x32@2x.png */ = {isa = PBXFileReference; lastKnownFileType = image.png; path = "32x32@2x.png"; sourceTree = "<group>"; };
		67189A8F3F6787D7AF5B7AE4 /* PomodoroRecord.swift */ = {isa = PBXFileReference; lastKnownFileType = sourcecode.swift; path = PomodoroRecord.swift; sourceTree = "<group>"; };
		6BDB06C272F5E775C401FEFD /* PomodoroTimer.swift */ = {isa = PBXFileReference; lastKnownFileType = sourcecode.swift; path = PomodoroTimer.swift; sourceTree = "<group>"; };
		70BD532CCFCC2FA9874D5C13 /* 128x128.png */ = {isa = PBXFileReference; lastKnownFileType = image.png; path = 128x128.png; sourceTree = "<group>"; };
		7B4775C3164F31617CCE657A /* 128x128@2x.png */ = {isa = PBXFileReference; lastKnownFileType = image.png; path = "128x128@2x.png"; sourceTree = "<group>"; };
		7BF97AA2980930F84A151031 /* 256x256.png */ = {isa = PBXFileReference; lastKnownFileType = image.png; path = 256x256.png; sourceTree = "<group>"; };
		88FADB7116C7EF673D13BAC5 /* SettingsView.swift */ = {isa = PBXFileReference; lastKnownFileType = sourcecode.swift; path = SettingsView.swift; sourceTree = "<group>"; };
		8AB7217D3A6B9845C4C69AC2 /* 16x16.png */ = {isa = PBXFileReference; lastKnownFileType = image.png; path = 16x16.png; sourceTree = "<group>"; };
		A731885EB57872AB0550DFCA /* PomodoroMac.app */ = {isa = PBXFileReference; explicitFileType = wrapper.application; includeInIndex = 0; path = PomodoroMac.app; sourceTree = BUILT_PRODUCTS_DIR; };
		AF050FC7966EC4B2D114ECF9 /* TimerView.swift */ = {isa = PBXFileReference; lastKnownFileType = sourcecode.swift; path = TimerView.swift; sourceTree = "<group>"; };
		BC5195A03245B774815FD7E3 /* 512x512.png */ = {isa = PBXFileReference; lastKnownFileType = image.png; path = 512x512.png; sourceTree = "<group>"; };
		C747FA958491D1F54F552F22 /* 256x256@2x.png */ = {isa = PBXFileReference; lastKnownFileType = image.png; path = "256x256@2x.png"; sourceTree = "<group>"; };
		CF88706F49DE2D506A2B719F /* NotificationManager.swift */ = {isa = PBXFileReference; lastKnownFileType = sourcecode.swift; path = NotificationManager.swift; sourceTree = "<group>"; };
		DFF200F0525A24083CD28F88 /* 16x16@2x.png */ = {isa = PBXFileReference; lastKnownFileType = image.png; path = "16x16@2x.png"; sourceTree = "<group>"; };
		EB8EA237B5F2174A0E331840 /* StatusBarController.swift */ = {isa = PBXFileReference; lastKnownFileType = sourcecode.swift; path = StatusBarController.swift; sourceTree = "<group>"; };
		FC3B889AA2CAE6636F342BBF /* 32x32.png */ = {isa = PBXFileReference; lastKnownFileType = image.png; path = 32x32.png; sourceTree = "<group>"; };
		FE75224474A5FE3AC2781BF9 /* main.swift */ = {isa = PBXFileReference; lastKnownFileType = sourcecode.swift; path = main.swift; sourceTree = "<group>"; };
/* End PBXFileReference section */

/* Begin PBXFrameworksBuildPhase section */
		5522B60547CDCF09BD756192 /* Frameworks */ = {
			isa = PBXFrameworksBuildPhase;
			buildActionMask = 2147483647;
			files = (
				2E764E91D25DD7A8370379A5 /* SQLite in Frameworks */,
			);
			runOnlyForDeploymentPostprocessing = 0;
		};
/* End PBXFrameworksBuildPhase section */

/* Begin PBXGroup section */
		1FB348CDAFFE460DB8A8121E /* AppIcons */ = {
			isa = PBXGroup;
			children = (
				8AB7217D3A6B9845C4C69AC2 /* 16x16.png */,
				DFF200F0525A24083CD28F88 /* 16x16@2x.png */,
				FC3B889AA2CAE6636F342BBF /* 32x32.png */,
				5F3DC5D8F3D784D9F2EBA3E4 /* 32x32@2x.png */,
				70BD532CCFCC2FA9874D5C13 /* 128x128.png */,
				7B4775C3164F31617CCE657A /* 128x128@2x.png */,
				7BF97AA2980930F84A151031 /* 256x256.png */,
				C747FA958491D1F54F552F22 /* 256x256@2x.png */,
				BC5195A03245B774815FD7E3 /* 512x512.png */,
				4AA3CB53CE05C9AB3950232F /* 512x512@2x.png */,
			);
			path = AppIcons;
			sourceTree = "<group>";
		};
		367406E863B1817F14338CE0 /* Sources */ = {
			isa = PBXGroup;
			children = (
				00886F9B56A7A3BBC578207A /* Assets.xcassets */,
				81E6245D790EC314BF5E5F6B /* App */,
				1FB348CDAFFE460DB8A8121E /* AppIcons */,
				58B73BA2F90B1097390B4CB6 /* Core */,
				513C075EF7205F4A48CA6593 /* Data */,
				637825F54B216AEFE9514A6F /* UI */,
			);
			path = Sources;
			sourceTree = "<group>";
		};
		44C330B769410CF14C0E56AC /* Products */ = {
			isa = PBXGroup;
			children = (
				A731885EB57872AB0550DFCA /* PomodoroMac.app */,
			);
			name = Products;
			sourceTree = "<group>";
		};
		513C075EF7205F4A48CA6593 /* Data */ = {
			isa = PBXGroup;
			children = (
				072628F8F4F7B95129716433 /* DatabaseManager.swift */,
				1924263F48631A50527573C0 /* SettingsStore.swift */,
				F2222AD90E833DD22987BA71 /* Models */,
			);
			path = Data;
			sourceTree = "<group>";
		};
		58B73BA2F90B1097390B4CB6 /* Core */ = {
			isa = PBXGroup;
			children = (
				CF88706F49DE2D506A2B719F /* NotificationManager.swift */,
				6BDB06C272F5E775C401FEFD /* PomodoroTimer.swift */,
				5A11D3E98C18115F686DC36A /* SoundManager.swift */,
			);
			path = Core;
			sourceTree = "<group>";
		};
		637825F54B216AEFE9514A6F /* UI */ = {
			isa = PBXGroup;
			children = (
				88FADB7116C7EF673D13BAC5 /* SettingsView.swift */,
				34287BB89258DB400E8804AF /* StatisticsView.swift */,
				EB8EA237B5F2174A0E331840 /* StatusBarController.swift */,
				AF050FC7966EC4B2D114ECF9 /* TimerView.swift */,
				3507CD07B46F3F50B8DF934C /* TimerViewController.swift */,
			);
			path = UI;
			sourceTree = "<group>";
		};
		81E6245D790EC314BF5E5F6B /* App */ = {
			isa = PBXGroup;
			children = (
				5A4B8410787A283632CAF1F4 /* AppDelegate.swift */,
				FE75224474A5FE3AC2781BF9 /* main.swift */,
			);
			path = App;
			sourceTree = "<group>";
		};
		A90EA7ED7C25C65FFA5E2787 = {
			isa = PBXGroup;
			children = (
				367406E863B1817F14338CE0 /* Sources */,
				44C330B769410CF14C0E56AC /* Products */,
			);
			sourceTree = "<group>";
		};
		F2222AD90E833DD22987BA71 /* Models */ = {
			isa = PBXGroup;
			children = (
				67189A8F3F6787D7AF5B7AE4 /* PomodoroRecord.swift */,
			);
			path = Models;
			sourceTree = "<group>";
		};
/* End PBXGroup section */

/* Begin PBXNativeTarget section */
		EC0313AD8CF76DA2F51E1438 /* PomodoroMac */ = {
			isa = PBXNativeTarget;
			buildConfigurationList = 5D669C3648AE762C8B9EF9F2 /* Build configuration list for PBXNativeTarget "PomodoroMac" */;
			buildPhases = (
				2A440249DF5A0A04571FBBE4 /* Sources */,
				887D92A87CE2828463A7D969 /* Resources */,
				5522B60547CDCF09BD756192 /* Frameworks */,
			);
			buildRules = (
			);
			dependencies = (
			);
			name = PomodoroMac;
			packageProductDependencies = (
				662606577274517D4FD16839 /* SQLite */,
			);
			productName = PomodoroMac;
			productReference = A731885EB57872AB0550DFCA /* PomodoroMac.app */;
			productType = "com.apple.product-type.application";
		};
/* End PBXNativeTarget section */

/* Begin PBXProject section */
		55EA4276E6A5B44431D72E49 /* Project object */ = {
			isa = PBXProject;
			attributes = {
				BuildIndependentTargetsInParallel = YES;
				LastUpgradeCheck = 1500;
				TargetAttributes = {
					EC0313AD8CF76DA2F51E1438 = {
						ProvisioningStyle = Automatic;
					};
				};
			};
			buildConfigurationList = A9D9297C77C9126FB60D0D79 /* Build configuration list for PBXProject "PomodoroMac" */;
			developmentRegion = en;
			hasScannedForEncodings = 0;
			knownRegions = (
				Base,
				en,
			);
			mainGroup = A90EA7ED7C25C65FFA5E2787;
			minimizedProjectReferenceProxies = 1;
			packageReferences = (
				7FA4BDCB171E2F72E891F10A /* XCRemoteSwiftPackageReference "SQLite.swift" */,
			);
			preferredProjectObjectVersion = 77;
			productRefGroup = 44C330B769410CF14C0E56AC /* Products */;
			projectDirPath = "";
			projectRoot = "";
			targets = (
				EC0313AD8CF76DA2F51E1438 /* PomodoroMac */,
			);
		};
/* End PBXProject section */

/* Begin PBXResourcesBuildPhase section */
		887D92A87CE2828463A7D969 /* Resources */ = {
			isa = PBXResourcesBuildPhase;
			buildActionMask = 2147483647;
			files = (
				D3E48C236069FB80ECA58851 /* 128x128.png in Resources */,
				193BDB08C32767E8518C9301 /* 128x128@2x.png in Resources */,
				6E2B8FCC04C047C9CFEF2271 /* 16x16.png in Resources */,
				12AF383CF981F56F691D72FF /* 16x16@2x.png in Resources */,
				E4557C015FDFEA3BD5A802D9 /* 256x256.png in Resources */,
				FB5D4D3D669058CB014E3E94 /* 256x256@2x.png in Resources */,
				814A8D175B029718A7318A9B /* 32x32.png in Resources */,
				E06596210C47F521AC5B5DF5 /* 32x32@2x.png in Resources */,
				1E795B2470F255FD72A018D8 /* 512x512.png in Resources */,
				AF6A512C6144501FDA1AF109 /* 512x512@2x.png in Resources */,
				C0A0F5F743AF527F47F82407 /* Assets.xcassets in Resources */,
			);
			runOnlyForDeploymentPostprocessing = 0;
		};
/* End PBXResourcesBuildPhase section */

/* Begin PBXSourcesBuildPhase section */
		2A440249DF5A0A04571FBBE4 /* Sources */ = {
			isa = PBXSourcesBuildPhase;
			buildActionMask = 2147483647;
			files = (
				099D775B6BB304395133133D /* AppDelegate.swift in Sources */,
				7EFAB5531CF106AF52650956 /* DatabaseManager.swift in Sources */,
				523622FC03FB7F7004F21D10 /* NotificationManager.swift in Sources */,
				CB8251DE7ADDFC07FEB6072E /* PomodoroRecord.swift in Sources */,
				0AB1610C4F258A11C2090AC8 /* PomodoroTimer.swift in Sources */,
				4ADAE0D9685C0C40C9A90A85 /* SettingsStore.swift in Sources */,
				60F58874D8B1AD5ADB026C5B /* SettingsView.swift in Sources */,
				F972FF8FC64365FFA847E242 /* SoundManager.swift in Sources */,
				524AEE0C5832EF21CD58F351 /* StatisticsView.swift in Sources */,
				9A9BA4BB9A5582A034261B42 /* StatusBarController.swift in Sources */,
				98B9C334A637EE9F8C56E117 /* TimerView.swift in Sources */,
				4F8B126BD181B5845414A29C /* TimerViewController.swift in Sources */,
				D63A4E84242A6B5CD206E50E /* main.swift in Sources */,
			);
			runOnlyForDeploymentPostprocessing = 0;
		};
/* End PBXSourcesBuildPhase section */

/* Begin XCBuildConfiguration section */
		507E3E7A05840F9A19FBC425 /* Debug */ = {
			isa = XCBuildConfiguration;
			buildSettings = {
				ASSETCATALOG_COMPILER_APPICON_NAME = AppIcon;
				CODE_SIGN_STYLE = Automatic;
				COMBINE_HIDPI_IMAGES = YES;
				CURRENT_PROJECT_VERSION = 1;
				GENERATE_INFOPLIST_FILE = YES;
				INFOPLIST_KEY_LSUIElement = YES;
				LD_RUNPATH_SEARCH_PATHS = "$(inherited) @executable_path/../Frameworks";
				MARKETING_VERSION = 1.0.0;
				PRODUCT_BUNDLE_IDENTIFIER = com.pomodoro.mac;
				SDKROOT = macosx;
				SWIFT_VERSION = 5.9;
			};
			name = Debug;
		};
		B2C14F897A8EC0215241EB62 /* Release */ = {
			isa = XCBuildConfiguration;
			buildSettings = {
				ALWAYS_SEARCH_USER_PATHS = NO;
				CLANG_ANALYZER_NONNULL = YES;
				CLANG_ANALYZER_NUMBER_OBJECT_CONVERSION = YES_AGGRESSIVE;
				CLANG_CXX_LANGUAGE_STANDARD = "gnu++14";
				CLANG_CXX_LIBRARY = "libc++";
				CLANG_ENABLE_MODULES = YES;
				CLANG_ENABLE_OBJC_ARC = YES;
				CLANG_ENABLE_OBJC_WEAK = YES;
				CLANG_WARN_BLOCK_CAPTURE_AUTORELEASING = YES;
				CLANG_WARN_BOOL_CONVERSION = YES;
				CLANG_WARN_COMMA = YES;
				CLANG_WARN_CONSTANT_CONVERSION = YES;
				CLANG_WARN_DEPRECATED_OBJC_IMPLEMENTATIONS = YES;
				CLANG_WARN_DIRECT_OBJC_ISA_USAGE = YES_ERROR;
				CLANG_WARN_DOCUMENTATION_COMMENTS = YES;
				CLANG_WARN_EMPTY_BODY = YES;
				CLANG_WARN_ENUM_CONVERSION = YES;
				CLANG_WARN_INFINITE_RECURSION = YES;
				CLANG_WARN_INT_CONVERSION = YES;
				CLANG_WARN_NON_LITERAL_NULL_CONVERSION = YES;
				CLANG_WARN_OBJC_IMPLICIT_RETAIN_SELF = YES;
				CLANG_WARN_OBJC_LITERAL_CONVERSION = YES;
				CLANG_WARN_OBJC_ROOT_CLASS = YES_ERROR;
				CLANG_WARN_QUOTED_INCLUDE_IN_FRAMEWORK_HEADER = YES;
				CLANG_WARN_RANGE_LOOP_ANALYSIS = YES;
				CLANG_WARN_STRICT_PROTOTYPES = YES;
				CLANG_WARN_SUSPICIOUS_MOVE = YES;
				CLANG_WARN_UNGUARDED_AVAILABILITY = YES_AGGRESSIVE;
				CLANG_WARN_UNREACHABLE_CODE = YES;
				CLANG_WARN__DUPLICATE_METHOD_MATCH = YES;
				COPY_PHASE_STRIP = NO;
				DEBUG_INFORMATION_FORMAT = "dwarf-with-dsym";
				ENABLE_NS_ASSERTIONS = NO;
				ENABLE_STRICT_OBJC_MSGSEND = YES;
				GCC_C_LANGUAGE_STANDARD = gnu11;
				GCC_NO_COMMON_BLOCKS = YES;
				GCC_WARN_64_TO_32_BIT_CONVERSION = YES;
				GCC_WARN_ABOUT_RETURN_TYPE = YES_ERROR;
				GCC_WARN_UNDECLARED_SELECTOR = YES;
				GCC_WARN_UNINITIALIZED_AUTOS = YES_AGGRESSIVE;
				GCC_WARN_UNUSED_FUNCTION = YES;
				GCC_WARN_UNUSED_VARIABLE = YES;
				MACOSX_DEPLOYMENT_TARGET = 13.0;
				MTL_ENABLE_DEBUG_INFO = NO;
				MTL_FAST_MATH = YES;
				PRODUCT_NAME = "$(TARGET_NAME)";
				SDKROOT = macosx;
				SWIFT_COMPILATION_MODE = wholemodule;
				SWIFT_OPTIMIZATION_LEVEL = "-O";
				SWIFT_VERSION = 5.0;
			};
			name = Release;
		};
		B98B4CA47328301D2D43006D /* Release */ = {
			isa = XCBuildConfiguration;
			buildSettings = {
				ASSETCATALOG_COMPILER_APPICON_NAME = AppIcon;
				CODE_SIGN_STYLE = Automatic;
				COMBINE_HIDPI_IMAGES = YES;
				CURRENT_PROJECT_VERSION = 1;
				GENERATE_INFOPLIST_FILE = YES;
				INFOPLIST_KEY_LSUIElement = YES;
				LD_RUNPATH_SEARCH_PATHS = "$(inherited) @executable_path/../Frameworks";
				MARKETING_VERSION = 1.0.0;
				PRODUCT_BUNDLE_IDENTIFIER = com.pomodoro.mac;
				SDKROOT = macosx;
				SWIFT_VERSION = 5.9;
			};
			name = Release;
		};
		D53B2892D79B7B692293664A /* Debug */ = {
			isa = XCBuildConfiguration;
			buildSettings = {
				ALWAYS_SEARCH_USER_PATHS = NO;
				CLANG_ANALYZER_NONNULL = YES;
				CLANG_ANALYZER_NUMBER_OBJECT_CONVERSION = YES_AGGRESSIVE;
				CLANG_CXX_LANGUAGE_STANDARD = "gnu++14";
				CLANG_CXX_LIBRARY = "libc++";
				CLANG_ENABLE_MODULES = YES;
				CLANG_ENABLE_OBJC_ARC = YES;
				CLANG_ENABLE_OBJC_WEAK = YES;
				CLANG_WARN_BLOCK_CAPTURE_AUTORELEASING = YES;
				CLANG_WARN_BOOL_CONVERSION = YES;
				CLANG_WARN_COMMA = YES;
				CLANG_WARN_CONSTANT_CONVERSION = YES;
				CLANG_WARN_DEPRECATED_OBJC_IMPLEMENTATIONS = YES;
				CLANG_WARN_DIRECT_OBJC_ISA_USAGE = YES_ERROR;
				CLANG_WARN_DOCUMENTATION_COMMENTS = YES;
				CLANG_WARN_EMPTY_BODY = YES;
				CLANG_WARN_ENUM_CONVERSION = YES;
				CLANG_WARN_INFINITE_RECURSION = YES;
				CLANG_WARN_INT_CONVERSION = YES;
				CLANG_WARN_NON_LITERAL_NULL_CONVERSION = YES;
				CLANG_WARN_OBJC_IMPLICIT_RETAIN_SELF = YES;
				CLANG_WARN_OBJC_LITERAL_CONVERSION = YES;
				CLANG_WARN_OBJC_ROOT_CLASS = YES_ERROR;
				CLANG_WARN_QUOTED_INCLUDE_IN_FRAMEWORK_HEADER = YES;
				CLANG_WARN_RANGE_LOOP_ANALYSIS = YES;
				CLANG_WARN_STRICT_PROTOTYPES = YES;
				CLANG_WARN_SUSPICIOUS_MOVE = YES;
				CLANG_WARN_UNGUARDED_AVAILABILITY = YES_AGGRESSIVE;
				CLANG_WARN_UNREACHABLE_CODE = YES;
				CLANG_WARN__DUPLICATE_METHOD_MATCH = YES;
				COPY_PHASE_STRIP = NO;
				DEBUG_INFORMATION_FORMAT = dwarf;
				ENABLE_STRICT_OBJC_MSGSEND = YES;
				ENABLE_TESTABILITY = YES;
				GCC_C_LANGUAGE_STANDARD = gnu11;
				GCC_DYNAMIC_NO_PIC = NO;
				GCC_NO_COMMON_BLOCKS = YES;
				GCC_OPTIMIZATION_LEVEL = 0;
				GCC_PREPROCESSOR_DEFINITIONS = (
					"$(inherited)",
					"DEBUG=1",
				);
				GCC_WARN_64_TO_32_BIT_CONVERSION = YES;
				GCC_WARN_ABOUT_RETURN_TYPE = YES_ERROR;
				GCC_WARN_UNDECLARED_SELECTOR = YES;
				GCC_WARN_UNINITIALIZED_AUTOS = YES_AGGRESSIVE;
				GCC_WARN_UNUSED_FUNCTION = YES;
				GCC_WARN_UNUSED_VARIABLE = YES;
				MACOSX_DEPLOYMENT_TARGET = 13.0;
				MTL_ENABLE_DEBUG_INFO = INCLUDE_SOURCE;
				MTL_FAST_MATH = YES;
				ONLY_ACTIVE_ARCH = YES;
				PRODUCT_NAME = "$(TARGET_NAME)";
				SDKROOT = macosx;
				SWIFT_ACTIVE_COMPILATION_CONDITIONS = DEBUG;
				SWIFT_OPTIMIZATION_LEVEL = "-Onone";
				SWIFT_VERSION = 5.0;
			};
			name = Debug;
		};
/* End XCBuildConfiguration section */

/* Begin XCConfigurationList section */
		5D669C3648AE762C8B9EF9F2 /* Build configuration list for PBXNativeTarget "PomodoroMac" */ = {
			isa = XCConfigurationList;
			buildConfigurations = (
				507E3E7A05840F9A19FBC425 /* Debug */,
				B98B4CA47328301D2D43006D /* Release */,
			);
			defaultConfigurationIsVisible = 0;
			defaultConfigurationName = Debug;
		};
		A9D9297C77C9126FB60D0D79 /* Build configuration list for PBXProject "PomodoroMac" */ = {
			isa = XCConfigurationList;
			buildConfigurations = (
				D53B2892D79B7B692293664A /* Debug */,
				B2C14F897A8EC0215241EB62 /* Release */,
			);
			defaultConfigurationIsVisible = 0;
			defaultConfigurationName = Debug;
		};
/* End XCConfigurationList section */

/* Begin XCRemoteSwiftPackageReference section */
		7FA4BDCB171E2F72E891F10A /* XCRemoteSwiftPackageReference "SQLite.swift" */ = {
			isa = XCRemoteSwiftPackageReference;
			repositoryURL = "https://github.com/stephencelis/SQLite.swift";
			requirement = {
				kind = upToNextMajorVersion;
				minimumVersion = 0.15.0;
			};
		};
/* End XCRemoteSwiftPackageReference section */

/* Begin XCSwiftPackageProductDependency section */
		662606577274517D4FD16839 /* SQLite */ = {
			isa = XCSwiftPackageProductDependency;
			package = 7FA4BDCB171E2F72E891F10A /* XCRemoteSwiftPackageReference "SQLite.swift" */;
			productName = SQLite;
		};
/* End XCSwiftPackageProductDependency section */
	};
	rootObject = 55EA4276E6A5B44431D72E49 /* Project object */;
}
